
Microsoft Visual Studio Solution File, Format Version 12.00
# Visual Studio Version 16
VisualStudioVersion = 16.0.30413.136
MinimumVisualStudioVersion = 10.0.40219.1
Project("{FAE04EC0-301F-11D3-BF4B-00C04F79EFBC}") = "ElasticsearchSample", "ElasticsearchSample.csproj", "{90AA0A7F-D3D2-491E-96BC-D5FCE6D8B314}"
EndProject
Global
	GlobalSection(SolutionConfigurationPlatforms) = preSolution
		Debug|Any CPU = Debug|Any CPU
		Release|Any CPU = Release|Any CPU
	EndGlobalSection
	GlobalSection(ProjectConfigurationPlatforms) = postSolution
		{90AA0A7F-D3D2-491E-96BC-D5FCE6D8B314}.Debug|Any CPU.ActiveCfg = Debug|Any CPU
		{90AA0A7F-D3D2-491E-96BC-D5FCE6D8B314}.Debug|Any CPU.Build.0 = Debug|Any CPU
		{90AA0A7F-D3D2-491E-96BC-D5FCE6D8B314}.Release|Any CPU.ActiveCfg = Release|Any CPU
		{90AA0A7F-D3D2-491E-96BC-D5FCE6D8B314}.Release|Any CPU.Build.0 = Release|Any CPU
	EndGlobalSection
	GlobalSection(SolutionProperties) = preSolution
		HideSolutionNode = FALSE
	EndGlobalSection
	GlobalSection(ExtensibilityGlobals) = postSolution
		SolutionGuid = {DFADCCDD-D682-43B9-BB36-B794D26DDC0A}
	EndGlobalSection
EndGlobal
